
Microsoft Visual Studio Solution File, Format Version 12.00
# Visual Studio Version 16
VisualStudioVersion = 16.0.30320.27
MinimumVisualStudioVersion = 10.0.40219.1
Project("{F184B08F-C81C-45F6-A57F-5ABD9991F28F}") = "REST Manager", "REST Manager\REST Manager.vbproj", "{F3C5ADF7-5260-4666-952E-07D66FF2BD33}"
EndProject
Global
	GlobalSection(SolutionConfigurationPlatforms) = preSolution
		Debug|Any CPU = Debug|Any CPU
		Release|Any CPU = Release|Any CPU
	EndGlobalSection
	GlobalSection(ProjectConfigurationPlatforms) = postSolution
		{F3C5ADF7-5260-4666-952E-07D66FF2BD33}.Debug|Any CPU.ActiveCfg = Debug|Any CPU
		{F3C5ADF7-5260-4666-952E-07D66FF2BD33}.Debug|Any CPU.Build.0 = Debug|Any CPU
		{F3C5ADF7-5260-4666-952E-07D66FF2BD33}.Release|Any CPU.ActiveCfg = Release|Any CPU
		{F3C5ADF7-5260-4666-952E-07D66FF2BD33}.Release|Any CPU.Build.0 = Release|Any CPU
	EndGlobalSection
	GlobalSection(SolutionProperties) = preSolution
		HideSolutionNode = FALSE
	EndGlobalSection
	GlobalSection(ExtensibilityGlobals) = postSolution
		SolutionGuid = {C1185D56-330F-4BA5-B7D4-9FCB5AB5C0D6}
	EndGlobalSection
EndGlobal
